
Microsoft Visual Studio Solution File, Format Version 12.00
# Visual Studio Version 16
VisualStudioVersion = 16.0.32510.428
MinimumVisualStudioVersion = 10.0.40219.1
Project("{2150E333-8FDC-42A3-9474-1A3956D46DE8}") = "FrontEnd", "FrontEnd", "{84C34728-9DF8-463C-9130-17A5CCFE2132}"
EndProject
Project("{FAE04EC0-301F-11D3-BF4B-00C04F79EFBC}") = "Mango.Web", "Mango.Web\Mango.Web.csproj", "{2B7F5D2B-DED4-40F4-B68B-9454BD38D6EF}"
EndProject
Project("{2150E333-8FDC-42A3-9474-1A3956D46DE8}") = "Services", "Services", "{007ADBD0-0D27-490B-BFC5-8F4E93973599}"
EndProject
Project("{FAE04EC0-301F-11D3-BF4B-00C04F79EFBC}") = "Mango.Services.ProductAPI", "Mango.Services.ProductAPI\Mango.Services.ProductAPI.csproj", "{EB483A06-E1C6-44D0-B9F3-FE118228FEDA}"
EndProject
Global
	GlobalSection(SolutionConfigurationPlatforms) = preSolution
		Debug|Any CPU = Debug|Any CPU
		Release|Any CPU = Release|Any CPU
	EndGlobalSection
	GlobalSection(ProjectConfigurationPlatforms) = postSolution
		{2B7F5D2B-DED4-40F4-B68B-9454BD38D6EF}.Debug|Any CPU.ActiveCfg = Debug|Any CPU
		{2B7F5D2B-DED4-40F4-B68B-9454BD38D6EF}.Debug|Any CPU.Build.0 = Debug|Any CPU
		{2B7F5D2B-DED4-40F4-B68B-9454BD38D6EF}.Release|Any CPU.ActiveCfg = Release|Any CPU
		{2B7F5D2B-DED4-40F4-B68B-9454BD38D6EF}.Release|Any CPU.Build.0 = Release|Any CPU
		{EB483A06-E1C6-44D0-B9F3-FE118228FEDA}.Debug|Any CPU.ActiveCfg = Debug|Any CPU
		{EB483A06-E1C6-44D0-B9F3-FE118228FEDA}.Debug|Any CPU.Build.0 = Debug|Any CPU
		{EB483A06-E1C6-44D0-B9F3-FE118228FEDA}.Release|Any CPU.ActiveCfg = Release|Any CPU
		{EB483A06-E1C6-44D0-B9F3-FE118228FEDA}.Release|Any CPU.Build.0 = Release|Any CPU
	EndGlobalSection
	GlobalSection(SolutionProperties) = preSolution
		HideSolutionNode = FALSE
	EndGlobalSection
	GlobalSection(NestedProjects) = preSolution
		{2B7F5D2B-DED4-40F4-B68B-9454BD38D6EF} = {84C34728-9DF8-463C-9130-17A5CCFE2132}
		{EB483A06-E1C6-44D0-B9F3-FE118228FEDA} = {007ADBD0-0D27-490B-BFC5-8F4E93973599}
	EndGlobalSection
	GlobalSection(ExtensibilityGlobals) = postSolution
		SolutionGuid = {5918D2AB-6A0F-4208-9048-AC0995ED0616}
	EndGlobalSection
EndGlobal
